// !$*UTF8*$!
{
	archiveVersion = 1;
	classes = {
	};
	objectVersion = 56;
	objects = {

/* Begin PBXBuildFile section */
		871A76F12983204100284841 /* EditorView.swift in Sources */ = {isa = PBXBuildFile; fileRef = 871A76F02983204100284841 /* EditorView.swift */; };
		874B9B4F2981385C0074778D /* NSImage+CIImage.swift in Sources */ = {isa = PBXBuildFile; fileRef = 874B9B4E2981385C0074778D /* NSImage+CIImage.swift */; };
		874B9B522981F0390074778D /* CodeEditor in Frameworks */ = {isa = PBXBuildFile; productRef = 874B9B512981F0390074778D /* CodeEditor */; };
		875BEE73297ECBE500426A14 /* SchattenspielApp.swift in Sources */ = {isa = PBXBuildFile; fileRef = 875BEE72297ECBE500426A14 /* SchattenspielApp.swift */; };
		875BEE75297ECBE500426A14 /* ContentView.swift in Sources */ = {isa = PBXBuildFile; fileRef = 875BEE74297ECBE500426A14 /* ContentView.swift */; };
		875BEE77297ECBE600426A14 /* Assets.xcassets in Resources */ = {isa = PBXBuildFile; fileRef = 875BEE76297ECBE600426A14 /* Assets.xcassets */; };
		875BEE7A297ECBE600426A14 /* Preview Assets.xcassets in Resources */ = {isa = PBXBuildFile; fileRef = 875BEE79297ECBE600426A14 /* Preview Assets.xcassets */; };
		875BEE85297ECBE700426A14 /* SchattenspielTests.swift in Sources */ = {isa = PBXBuildFile; fileRef = 875BEE84297ECBE700426A14 /* SchattenspielTests.swift */; };
		875BEE8F297ECBE700426A14 /* SchattenspielUITests.swift in Sources */ = {isa = PBXBuildFile; fileRef = 875BEE8E297ECBE700426A14 /* SchattenspielUITests.swift */; };
		875BEE91297ECBE700426A14 /* SchattenspielUITestsLaunchTests.swift in Sources */ = {isa = PBXBuildFile; fileRef = 875BEE90297ECBE700426A14 /* SchattenspielUITestsLaunchTests.swift */; };
		875BEE9E297ECD0300426A14 /* Preview.swift in Sources */ = {isa = PBXBuildFile; fileRef = 875BEE9D297ECD0300426A14 /* Preview.swift */; };
		875BEEA0297ECD1000426A14 /* InputView.swift in Sources */ = {isa = PBXBuildFile; fileRef = 875BEE9F297ECD1000426A14 /* InputView.swift */; };
		875BEEA2297ECD3F00426A14 /* GPUSetup.swift in Sources */ = {isa = PBXBuildFile; fileRef = 875BEEA1297ECD3F00426A14 /* GPUSetup.swift */; };
		875BEEA4297EDEAD00426A14 /* String+regex.swift in Sources */ = {isa = PBXBuildFile; fileRef = 875BEEA3297EDEAD00426A14 /* String+regex.swift */; };
		875BEEA8297EE2B300426A14 /* NSImage+MTLTexture.m in Sources */ = {isa = PBXBuildFile; fileRef = 875BEEA7297EE2B300426A14 /* NSImage+MTLTexture.m */; };
		875BEEAA297EFAA700426A14 /* MetalTextureView.swift in Sources */ = {isa = PBXBuildFile; fileRef = 875BEEA9297EFAA700426A14 /* MetalTextureView.swift */; };
		875BEEAC297F07BE00426A14 /* MTLTexture+Identifiable.swift in Sources */ = {isa = PBXBuildFile; fileRef = 875BEEAB297F07BE00426A14 /* MTLTexture+Identifiable.swift */; };
		875BEEB3297FFD8800426A14 /* runShader in Resources */ = {isa = PBXBuildFile; fileRef = 875BEEB2297FFD8800426A14 /* runShader */; };
		875BEEB52980428D00426A14 /* Array+Chunked.swift in Sources */ = {isa = PBXBuildFile; fileRef = 875BEEB42980428D00426A14 /* Array+Chunked.swift */; };
		875D306E29867065002A8D53 /* LabeledTextField.swift in Sources */ = {isa = PBXBuildFile; fileRef = 875D306D29867065002A8D53 /* LabeledTextField.swift */; };
		87BBC582298A8B9600D80231 /* Project.swift in Sources */ = {isa = PBXBuildFile; fileRef = 87BBC581298A8B9600D80231 /* Project.swift */; };
		87BBC584298AB50D00D80231 /* CustomTabView.swift in Sources */ = {isa = PBXBuildFile; fileRef = 87BBC583298AB50D00D80231 /* CustomTabView.swift */; };
		87BBC586298AB8F700D80231 /* FileTabs.swift in Sources */ = {isa = PBXBuildFile; fileRef = 87BBC585298AB8F700D80231 /* FileTabs.swift */; };
		87BBC588298AEA1000D80231 /* DirectoryMonitor.swift in Sources */ = {isa = PBXBuildFile; fileRef = 87BBC587298AEA1000D80231 /* DirectoryMonitor.swift */; };
		87BBC58A298AEA7500D80231 /* AppState.swift in Sources */ = {isa = PBXBuildFile; fileRef = 87BBC589298AEA7500D80231 /* AppState.swift */; };
/* End PBXBuildFile section */

/* Begin PBXContainerItemProxy section */
		875BEE81297ECBE700426A14 /* PBXContainerItemProxy */ = {
			isa = PBXContainerItemProxy;
			containerPortal = 875BEE67297ECBE500426A14 /* Project object */;
			proxyType = 1;
			remoteGlobalIDString = 875BEE6E297ECBE500426A14;
			remoteInfo = Schattenspiel;
		};
		875BEE8B297ECBE700426A14 /* PBXContainerItemProxy */ = {
			isa = PBXContainerItemProxy;
			containerPortal = 875BEE67297ECBE500426A14 /* Project object */;
			proxyType = 1;
			remoteGlobalIDString = 875BEE6E297ECBE500426A14;
			remoteInfo = Schattenspiel;
		};
/* End PBXContainerItemProxy section */

/* Begin PBXFileReference section */
		871A76F02983204100284841 /* EditorView.swift */ = {isa = PBXFileReference; lastKnownFileType = sourcecode.swift; path = EditorView.swift; sourceTree = "<group>"; };
		874B9B4E2981385C0074778D /* NSImage+CIImage.swift */ = {isa = PBXFileReference; lastKnownFileType = sourcecode.swift; path = "NSImage+CIImage.swift"; sourceTree = "<group>"; };
		875BEE6F297ECBE500426A14 /* Schattenspiel.app */ = {isa = PBXFileReference; explicitFileType = wrapper.application; includeInIndex = 0; path = Schattenspiel.app; sourceTree = BUILT_PRODUCTS_DIR; };
		875BEE72297ECBE500426A14 /* SchattenspielApp.swift */ = {isa = PBXFileReference; lastKnownFileType = sourcecode.swift; path = SchattenspielApp.swift; sourceTree = "<group>"; };
		875BEE74297ECBE500426A14 /* ContentView.swift */ = {isa = PBXFileReference; lastKnownFileType = sourcecode.swift; path = ContentView.swift; sourceTree = "<group>"; };
		875BEE76297ECBE600426A14 /* Assets.xcassets */ = {isa = PBXFileReference; lastKnownFileType = folder.assetcatalog; path = Assets.xcassets; sourceTree = "<group>"; };
		875BEE79297ECBE600426A14 /* Preview Assets.xcassets */ = {isa = PBXFileReference; lastKnownFileType = folder.assetcatalog; path = "Preview Assets.xcassets"; sourceTree = "<group>"; };
		875BEE7B297ECBE600426A14 /* Schattenspiel.entitlements */ = {isa = PBXFileReference; lastKnownFileType = text.plist.entitlements; path = Schattenspiel.entitlements; sourceTree = "<group>"; };
		875BEE80297ECBE700426A14 /* SchattenspielTests.xctest */ = {isa = PBXFileReference; explicitFileType = wrapper.cfbundle; includeInIndex = 0; path = SchattenspielTests.xctest; sourceTree = BUILT_PRODUCTS_DIR; };
		875BEE84297ECBE700426A14 /* SchattenspielTests.swift */ = {isa = PBXFileReference; lastKnownFileType = sourcecode.swift; path = SchattenspielTests.swift; sourceTree = "<group>"; };
		875BEE8A297ECBE700426A14 /* SchattenspielUITests.xctest */ = {isa = PBXFileReference; explicitFileType = wrapper.cfbundle; includeInIndex = 0; path = SchattenspielUITests.xctest; sourceTree = BUILT_PRODUCTS_DIR; };
		875BEE8E297ECBE700426A14 /* SchattenspielUITests.swift */ = {isa = PBXFileReference; lastKnownFileType = sourcecode.swift; path = SchattenspielUITests.swift; sourceTree = "<group>"; };
		875BEE90297ECBE700426A14 /* SchattenspielUITestsLaunchTests.swift */ = {isa = PBXFileReference; lastKnownFileType = sourcecode.swift; path = SchattenspielUITestsLaunchTests.swift; sourceTree = "<group>"; };
		875BEE9D297ECD0300426A14 /* Preview.swift */ = {isa = PBXFileReference; lastKnownFileType = sourcecode.swift; path = Preview.swift; sourceTree = "<group>"; };
		875BEE9F297ECD1000426A14 /* InputView.swift */ = {isa = PBXFileReference; lastKnownFileType = sourcecode.swift; path = InputView.swift; sourceTree = "<group>"; };
		875BEEA1297ECD3F00426A14 /* GPUSetup.swift */ = {isa = PBXFileReference; lastKnownFileType = sourcecode.swift; path = GPUSetup.swift; sourceTree = "<group>"; };
		875BEEA3297EDEAD00426A14 /* String+regex.swift */ = {isa = PBXFileReference; lastKnownFileType = sourcecode.swift; path = "String+regex.swift"; sourceTree = "<group>"; };
		875BEEA5297EE2B200426A14 /* Schattenspiel-Bridging-Header.h */ = {isa = PBXFileReference; lastKnownFileType = sourcecode.c.h; path = "Schattenspiel-Bridging-Header.h"; sourceTree = "<group>"; };
		875BEEA6297EE2B300426A14 /* NSImage+MTLTexture.h */ = {isa = PBXFileReference; fileEncoding = 4; lastKnownFileType = sourcecode.c.h; path = "NSImage+MTLTexture.h"; sourceTree = "<group>"; };
		875BEEA7297EE2B300426A14 /* NSImage+MTLTexture.m */ = {isa = PBXFileReference; fileEncoding = 4; lastKnownFileType = sourcecode.c.objc; path = "NSImage+MTLTexture.m"; sourceTree = "<group>"; };
		875BEEA9297EFAA700426A14 /* MetalTextureView.swift */ = {isa = PBXFileReference; lastKnownFileType = sourcecode.swift; path = MetalTextureView.swift; sourceTree = "<group>"; };
		875BEEAB297F07BE00426A14 /* MTLTexture+Identifiable.swift */ = {isa = PBXFileReference; lastKnownFileType = sourcecode.swift; path = "MTLTexture+Identifiable.swift"; sourceTree = "<group>"; };
		875BEEAD297F306A00426A14 /* main.swift */ = {isa = PBXFileReference; lastKnownFileType = sourcecode.swift; path = main.swift; sourceTree = "<group>"; };
		875BEEB2297FFD8800426A14 /* runShader */ = {isa = PBXFileReference; lastKnownFileType = "compiled.mach-o.executable"; path = runShader; sourceTree = "<group>"; };
		875BEEB42980428D00426A14 /* Array+Chunked.swift */ = {isa = PBXFileReference; lastKnownFileType = sourcecode.swift; path = "Array+Chunked.swift"; sourceTree = "<group>"; };
		875D306D29867065002A8D53 /* LabeledTextField.swift */ = {isa = PBXFileReference; lastKnownFileType = sourcecode.swift; path = LabeledTextField.swift; sourceTree = "<group>"; };
		87BBC581298A8B9600D80231 /* Project.swift */ = {isa = PBXFileReference; lastKnownFileType = sourcecode.swift; path = Project.swift; sourceTree = "<group>"; };
		87BBC583298AB50D00D80231 /* CustomTabView.swift */ = {isa = PBXFileReference; lastKnownFileType = sourcecode.swift; path = CustomTabView.swift; sourceTree = "<group>"; };
		87BBC585298AB8F700D80231 /* FileTabs.swift */ = {isa = PBXFileReference; lastKnownFileType = sourcecode.swift; path = FileTabs.swift; sourceTree = "<group>"; };
		87BBC587298AEA1000D80231 /* DirectoryMonitor.swift */ = {isa = PBXFileReference; lastKnownFileType = sourcecode.swift; path = DirectoryMonitor.swift; sourceTree = "<group>"; };
		87BBC589298AEA7500D80231 /* AppState.swift */ = {isa = PBXFileReference; lastKnownFileType = sourcecode.swift; path = AppState.swift; sourceTree = "<group>"; };
/* End PBXFileReference section */

/* Begin PBXFrameworksBuildPhase section */
		875BEE6C297ECBE500426A14 /* Frameworks */ = {
			isa = PBXFrameworksBuildPhase;
			buildActionMask = 2147483647;
			files = (
				874B9B522981F0390074778D /* CodeEditor in Frameworks */,
			);
			runOnlyForDeploymentPostprocessing = 0;
		};
		875BEE7D297ECBE700426A14 /* Frameworks */ = {
			isa = PBXFrameworksBuildPhase;
			buildActionMask = 2147483647;
			files = (
			);
			runOnlyForDeploymentPostprocessing = 0;
		};
		875BEE87297ECBE700426A14 /* Frameworks */ = {
			isa = PBXFrameworksBuildPhase;
			buildActionMask = 2147483647;
			files = (
			);
			runOnlyForDeploymentPostprocessing = 0;
		};
/* End PBXFrameworksBuildPhase section */

/* Begin PBXGroup section */
		875BEE66297ECBE500426A14 = {
			isa = PBXGroup;
			children = (
				875BEE71297ECBE500426A14 /* Schattenspiel */,
				875BEE83297ECBE700426A14 /* SchattenspielTests */,
				875BEE8D297ECBE700426A14 /* SchattenspielUITests */,
				875BEE70297ECBE500426A14 /* Products */,
			);
			sourceTree = "<group>";
		};
		875BEE70297ECBE500426A14 /* Products */ = {
			isa = PBXGroup;
			children = (
				875BEE6F297ECBE500426A14 /* Schattenspiel.app */,
				875BEE80297ECBE700426A14 /* SchattenspielTests.xctest */,
				875BEE8A297ECBE700426A14 /* SchattenspielUITests.xctest */,
			);
			name = Products;
			sourceTree = "<group>";
		};
		875BEE71297ECBE500426A14 /* Schattenspiel */ = {
			isa = PBXGroup;
			children = (
				875BEEA6297EE2B300426A14 /* NSImage+MTLTexture.h */,
				875BEEA7297EE2B300426A14 /* NSImage+MTLTexture.m */,
				875BEE72297ECBE500426A14 /* SchattenspielApp.swift */,
				87BBC587298AEA1000D80231 /* DirectoryMonitor.swift */,
				875BEEA1297ECD3F00426A14 /* GPUSetup.swift */,
				87BBC589298AEA7500D80231 /* AppState.swift */,
				87BBC581298A8B9600D80231 /* Project.swift */,
				87BBC585298AB8F700D80231 /* FileTabs.swift */,
				875BEEA3297EDEAD00426A14 /* String+regex.swift */,
				875BEEAB297F07BE00426A14 /* MTLTexture+Identifiable.swift */,
				875BEEB42980428D00426A14 /* Array+Chunked.swift */,
				874B9B4E2981385C0074778D /* NSImage+CIImage.swift */,
				876DC37C2A04E89300A9AFB3 /* Views */,
				876DC37D2A04E8C200A9AFB3 /* Script */,
				875BEE76297ECBE600426A14 /* Assets.xcassets */,
				875BEE7B297ECBE600426A14 /* Schattenspiel.entitlements */,
				875BEE78297ECBE600426A14 /* Preview Content */,
				875BEEA5297EE2B200426A14 /* Schattenspiel-Bridging-Header.h */,
				875BEEB2297FFD8800426A14 /* runShader */,
			);
			path = Schattenspiel;
			sourceTree = "<group>";
		};
		875BEE78297ECBE600426A14 /* Preview Content */ = {
			isa = PBXGroup;
			children = (
				875BEE79297ECBE600426A14 /* Preview Assets.xcassets */,
			);
			path = "Preview Content";
			sourceTree = "<group>";
		};
		875BEE83297ECBE700426A14 /* SchattenspielTests */ = {
			isa = PBXGroup;
			children = (
				875BEE84297ECBE700426A14 /* SchattenspielTests.swift */,
			);
			path = SchattenspielTests;
			sourceTree = "<group>";
		};
		875BEE8D297ECBE700426A14 /* SchattenspielUITests */ = {
			isa = PBXGroup;
			children = (
				875BEE8E297ECBE700426A14 /* SchattenspielUITests.swift */,
				875BEE90297ECBE700426A14 /* SchattenspielUITestsLaunchTests.swift */,
			);
			path = SchattenspielUITests;
			sourceTree = "<group>";
		};
		876DC37C2A04E89300A9AFB3 /* Views */ = {
			isa = PBXGroup;
			children = (
				875BEE74297ECBE500426A14 /* ContentView.swift */,
				87BBC583298AB50D00D80231 /* CustomTabView.swift */,
				871A76F02983204100284841 /* EditorView.swift */,
				875BEE9F297ECD1000426A14 /* InputView.swift */,
				875D306D29867065002A8D53 /* LabeledTextField.swift */,
				875BEEA9297EFAA700426A14 /* MetalTextureView.swift */,
				875BEE9D297ECD0300426A14 /* Preview.swift */,
			);
			path = Views;
			sourceTree = "<group>";
		};
		876DC37D2A04E8C200A9AFB3 /* Script */ = {
			isa = PBXGroup;
			children = (
				875BEEAD297F306A00426A14 /* main.swift */,
			);
			path = Script;
			sourceTree = "<group>";
		};
/* End PBXGroup section */

/* Begin PBXNativeTarget section */
		875BEE6E297ECBE500426A14 /* Schattenspiel */ = {
			isa = PBXNativeTarget;
			buildConfigurationList = 875BEE94297ECBE700426A14 /* Build configuration list for PBXNativeTarget "Schattenspiel" */;
			buildPhases = (
				875BEE6B297ECBE500426A14 /* Sources */,
				875BEE6C297ECBE500426A14 /* Frameworks */,
				875BEEB1297FF08200426A14 /* ShellScript */,
				875BEE6D297ECBE500426A14 /* Resources */,
			);
			buildRules = (
			);
			dependencies = (
			);
			name = Schattenspiel;
			packageProductDependencies = (
				874B9B512981F0390074778D /* CodeEditor */,
			);
			productName = Schattenspiel;
			productReference = 875BEE6F297ECBE500426A14 /* Schattenspiel.app */;
			productType = "com.apple.product-type.application";
		};
		875BEE7F297ECBE700426A14 /* SchattenspielTests */ = {
			isa = PBXNativeTarget;
			buildConfigurationList = 875BEE97297ECBE700426A14 /* Build configuration list for PBXNativeTarget "SchattenspielTests" */;
			buildPhases = (
				875BEE7C297ECBE700426A14 /* Sources */,
				875BEE7D297ECBE700426A14 /* Frameworks */,
				875BEE7E297ECBE700426A14 /* Resources */,
			);
			buildRules = (
			);
			dependencies = (
				875BEE82297ECBE700426A14 /* PBXTargetDependency */,
			);
			name = SchattenspielTests;
			productName = SchattenspielTests;
			productReference = 875BEE80297ECBE700426A14 /* SchattenspielTests.xctest */;
			productType = "com.apple.product-type.bundle.unit-test";
		};
		875BEE89297ECBE700426A14 /* SchattenspielUITests */ = {
			isa = PBXNativeTarget;
			buildConfigurationList = 875BEE9A297ECBE700426A14 /* Build configuration list for PBXNativeTarget "SchattenspielUITests" */;
			buildPhases = (
				875BEE86297ECBE700426A14 /* Sources */,
				875BEE87297ECBE700426A14 /* Frameworks */,
				875BEE88297ECBE700426A14 /* Resources */,
			);
			buildRules = (
			);
			dependencies = (
				875BEE8C297ECBE700426A14 /* PBXTargetDependency */,
			);
			name = SchattenspielUITests;
			productName = SchattenspielUITests;
			productReference = 875BEE8A297ECBE700426A14 /* SchattenspielUITests.xctest */;
			productType = "com.apple.product-type.bundle.ui-testing";
		};
/* End PBXNativeTarget section */

/* Begin PBXProject section */
		875BEE67297ECBE500426A14 /* Project object */ = {
			isa = PBXProject;
			attributes = {
				BuildIndependentTargetsInParallel = 1;
				LastSwiftUpdateCheck = 1420;
				LastUpgradeCheck = 1430;
				TargetAttributes = {
					875BEE6E297ECBE500426A14 = {
						CreatedOnToolsVersion = 14.2;
						LastSwiftMigration = 1420;
					};
					875BEE7F297ECBE700426A14 = {
						CreatedOnToolsVersion = 14.2;
						TestTargetID = 875BEE6E297ECBE500426A14;
					};
					875BEE89297ECBE700426A14 = {
						CreatedOnToolsVersion = 14.2;
						TestTargetID = 875BEE6E297ECBE500426A14;
					};
				};
			};
			buildConfigurationList = 875BEE6A297ECBE500426A14 /* Build configuration list for PBXProject "Schattenspiel" */;
			compatibilityVersion = "Xcode 14.0";
			developmentRegion = en;
			hasScannedForEncodings = 0;
			knownRegions = (
				en,
				Base,
			);
			mainGroup = 875BEE66297ECBE500426A14;
			packageReferences = (
				874B9B502981F0390074778D /* XCRemoteSwiftPackageReference "CodeEditor" */,
			);
			productRefGroup = 875BEE70297ECBE500426A14 /* Products */;
			projectDirPath = "";
			projectRoot = "";
			targets = (
				875BEE6E297ECBE500426A14 /* Schattenspiel */,
				875BEE7F297ECBE700426A14 /* SchattenspielTests */,
				875BEE89297ECBE700426A14 /* SchattenspielUITests */,
			);
		};
/* End PBXProject section */

/* Begin PBXResourcesBuildPhase section */
		875BEE6D297ECBE500426A14 /* Resources */ = {
			isa = PBXResourcesBuildPhase;
			buildActionMask = 2147483647;
			files = (
				875BEEB3297FFD8800426A14 /* runShader in Resources */,
				875BEE7A297ECBE600426A14 /* Preview Assets.xcassets in Resources */,
				875BEE77297ECBE600426A14 /* Assets.xcassets in Resources */,
			);
			runOnlyForDeploymentPostprocessing = 0;
		};
		875BEE7E297ECBE700426A14 /* Resources */ = {
			isa = PBXResourcesBuildPhase;
			buildActionMask = 2147483647;
			files = (
			);
			runOnlyForDeploymentPostprocessing = 0;
		};
		875BEE88297ECBE700426A14 /* Resources */ = {
			isa = PBXResourcesBuildPhase;
			buildActionMask = 2147483647;
			files = (
			);
			runOnlyForDeploymentPostprocessing = 0;
		};
/* End PBXResourcesBuildPhase section */

/* Begin PBXShellScriptBuildPhase section */
		875BEEB1297FF08200426A14 /* ShellScript */ = {
			isa = PBXShellScriptBuildPhase;
			buildActionMask = 2147483647;
			files = (
			);
			inputFileListPaths = (
			);
			inputPaths = (
				"$(SRCROOT)/Schattenspiel/Scripts/main.swift",
				"$(SRCROOT)/Schattenspiel/String+regex.swift",
			);
			outputFileListPaths = (
			);
			outputPaths = (
				"$(SRCROOT)/Schattenspiel/runShader",
			);
			runOnlyForDeploymentPostprocessing = 0;
			shellPath = /bin/sh;
			shellScript = "#!/bin/bash  \necho \"This is a shell script\"\nswiftc -O $SCRIPT_INPUT_FILE_0 $SCRIPT_INPUT_FILE_1 -o $SCRIPT_OUTPUT_FILE_0\necho \"I am done running ls\"\n";
		};
/* End PBXShellScriptBuildPhase section */

/* Begin PBXSourcesBuildPhase section */
		875BEE6B297ECBE500426A14 /* Sources */ = {
			isa = PBXSourcesBuildPhase;
			buildActionMask = 2147483647;
			files = (
				875BEEAA297EFAA700426A14 /* MetalTextureView.swift in Sources */,
				875BEE75297ECBE500426A14 /* ContentView.swift in Sources */,
				87BBC58A298AEA7500D80231 /* AppState.swift in Sources */,
				875BEEB52980428D00426A14 /* Array+Chunked.swift in Sources */,
				875BEEA0297ECD1000426A14 /* InputView.swift in Sources */,
				875BEEA8297EE2B300426A14 /* NSImage+MTLTexture.m in Sources */,
				875BEEA4297EDEAD00426A14 /* String+regex.swift in Sources */,
				875BEEA2297ECD3F00426A14 /* GPUSetup.swift in Sources */,
				87BBC582298A8B9600D80231 /* Project.swift in Sources */,
				875BEEAC297F07BE00426A14 /* MTLTexture+Identifiable.swift in Sources */,
				87BBC586298AB8F700D80231 /* FileTabs.swift in Sources */,
				875BEE9E297ECD0300426A14 /* Preview.swift in Sources */,
				87BBC584298AB50D00D80231 /* CustomTabView.swift in Sources */,
				871A76F12983204100284841 /* EditorView.swift in Sources */,
				875BEE73297ECBE500426A14 /* SchattenspielApp.swift in Sources */,
				874B9B4F2981385C0074778D /* NSImage+CIImage.swift in Sources */,
				87BBC588298AEA1000D80231 /* DirectoryMonitor.swift in Sources */,
				875D306E29867065002A8D53 /* LabeledTextField.swift in Sources */,
			);
			runOnlyForDeploymentPostprocessing = 0;
		};
		875BEE7C297ECBE700426A14 /* Sources */ = {
			isa = PBXSourcesBuildPhase;
			buildActionMask = 2147483647;
			files = (
				875BEE85297ECBE700426A14 /* SchattenspielTests.swift in Sources */,
			);
			runOnlyForDeploymentPostprocessing = 0;
		};
		875BEE86297ECBE700426A14 /* Sources */ = {
			isa = PBXSourcesBuildPhase;
			buildActionMask = 2147483647;
			files = (
				875BEE91297ECBE700426A14 /* SchattenspielUITestsLaunchTests.swift in Sources */,
				875BEE8F297ECBE700426A14 /* SchattenspielUITests.swift in Sources */,
			);
			runOnlyForDeploymentPostprocessing = 0;
		};
/* End PBXSourcesBuildPhase section */

/* Begin PBXTargetDependency section */
		875BEE82297ECBE700426A14 /* PBXTargetDependency */ = {
			isa = PBXTargetDependency;
			target = 875BEE6E297ECBE500426A14 /* Schattenspiel */;
			targetProxy = 875BEE81297ECBE700426A14 /* PBXContainerItemProxy */;
		};
		875BEE8C297ECBE700426A14 /* PBXTargetDependency */ = {
			isa = PBXTargetDependency;
			target = 875BEE6E297ECBE500426A14 /* Schattenspiel */;
			targetProxy = 875BEE8B297ECBE700426A14 /* PBXContainerItemProxy */;
		};
/* End PBXTargetDependency section */

/* Begin XCBuildConfiguration section */
		875BEE92297ECBE700426A14 /* Debug */ = {
			isa = XCBuildConfiguration;
			buildSettings = {
				ALWAYS_SEARCH_USER_PATHS = NO;
				CLANG_ANALYZER_NONNULL = YES;
				CLANG_ANALYZER_NUMBER_OBJECT_CONVERSION = YES_AGGRESSIVE;
				CLANG_CXX_LANGUAGE_STANDARD = "gnu++20";
				CLANG_ENABLE_MODULES = YES;
				CLANG_ENABLE_OBJC_ARC = YES;
				CLANG_ENABLE_OBJC_WEAK = YES;
				CLANG_WARN_BLOCK_CAPTURE_AUTORELEASING = YES;
				CLANG_WARN_BOOL_CONVERSION = YES;
				CLANG_WARN_COMMA = YES;
				CLANG_WARN_CONSTANT_CONVERSION = YES;
				CLANG_WARN_DEPRECATED_OBJC_IMPLEMENTATIONS = YES;
				CLANG_WARN_DIRECT_OBJC_ISA_USAGE = YES_ERROR;
				CLANG_WARN_DOCUMENTATION_COMMENTS = YES;
				CLANG_WARN_EMPTY_BODY = YES;
				CLANG_WARN_ENUM_CONVERSION = YES;
				CLANG_WARN_INFINITE_RECURSION = YES;
				CLANG_WARN_INT_CONVERSION = YES;
				CLANG_WARN_NON_LITERAL_NULL_CONVERSION = YES;
				CLANG_WARN_OBJC_IMPLICIT_RETAIN_SELF = YES;
				CLANG_WARN_OBJC_LITERAL_CONVERSION = YES;
				CLANG_WARN_OBJC_ROOT_CLASS = YES_ERROR;
				CLANG_WARN_QUOTED_INCLUDE_IN_FRAMEWORK_HEADER = YES;
				CLANG_WARN_RANGE_LOOP_ANALYSIS = YES;
				CLANG_WARN_STRICT_PROTOTYPES = YES;
				CLANG_WARN_SUSPICIOUS_MOVE = YES;
				CLANG_WARN_UNGUARDED_AVAILABILITY = YES_AGGRESSIVE;
				CLANG_WARN_UNREACHABLE_CODE = YES;
				CLANG_WARN__DUPLICATE_METHOD_MATCH = YES;
				COPY_PHASE_STRIP = NO;
				DEAD_CODE_STRIPPING = YES;
				DEBUG_INFORMATION_FORMAT = dwarf;
				ENABLE_STRICT_OBJC_MSGSEND = YES;
				ENABLE_TESTABILITY = YES;
				GCC_C_LANGUAGE_STANDARD = gnu11;
				GCC_DYNAMIC_NO_PIC = NO;
				GCC_NO_COMMON_BLOCKS = YES;
				GCC_OPTIMIZATION_LEVEL = 0;
				GCC_PREPROCESSOR_DEFINITIONS = (
					"DEBUG=1",
					"$(inherited)",
				);
				GCC_WARN_64_TO_32_BIT_CONVERSION = YES;
				GCC_WARN_ABOUT_RETURN_TYPE = YES_ERROR;
				GCC_WARN_UNDECLARED_SELECTOR = YES;
				GCC_WARN_UNINITIALIZED_AUTOS = YES_AGGRESSIVE;
				GCC_WARN_UNUSED_FUNCTION = YES;
				GCC_WARN_UNUSED_VARIABLE = YES;
				MACOSX_DEPLOYMENT_TARGET = 13.1;
				MTL_ENABLE_DEBUG_INFO = INCLUDE_SOURCE;
				MTL_FAST_MATH = YES;
				ONLY_ACTIVE_ARCH = YES;
				SDKROOT = macosx;
				SWIFT_ACTIVE_COMPILATION_CONDITIONS = DEBUG;
				SWIFT_OPTIMIZATION_LEVEL = "-Onone";
			};
			name = Debug;
		};
		875BEE93297ECBE700426A14 /* Release */ = {
			isa = XCBuildConfiguration;
			buildSettings = {
				ALWAYS_SEARCH_USER_PATHS = NO;
				CLANG_ANALYZER_NONNULL = YES;
				CLANG_ANALYZER_NUMBER_OBJECT_CONVERSION = YES_AGGRESSIVE;
				CLANG_CXX_LANGUAGE_STANDARD = "gnu++20";
				CLANG_ENABLE_MODULES = YES;
				CLANG_ENABLE_OBJC_ARC = YES;
				CLANG_ENABLE_OBJC_WEAK = YES;
				CLANG_WARN_BLOCK_CAPTURE_AUTORELEASING = YES;
				CLANG_WARN_BOOL_CONVERSION = YES;
				CLANG_WARN_COMMA = YES;
				CLANG_WARN_CONSTANT_CONVERSION = YES;
				CLANG_WARN_DEPRECATED_OBJC_IMPLEMENTATIONS = YES;
				CLANG_WARN_DIRECT_OBJC_ISA_USAGE = YES_ERROR;
				CLANG_WARN_DOCUMENTATION_COMMENTS = YES;
				CLANG_WARN_EMPTY_BODY = YES;
				CLANG_WARN_ENUM_CONVERSION = YES;
				CLANG_WARN_INFINITE_RECURSION = YES;
				CLANG_WARN_INT_CONVERSION = YES;
				CLANG_WARN_NON_LITERAL_NULL_CONVERSION = YES;
				CLANG_WARN_OBJC_IMPLICIT_RETAIN_SELF = YES;
				CLANG_WARN_OBJC_LITERAL_CONVERSION = YES;
				CLANG_WARN_OBJC_ROOT_CLASS = YES_ERROR;
				CLANG_WARN_QUOTED_INCLUDE_IN_FRAMEWORK_HEADER = YES;
				CLANG_WARN_RANGE_LOOP_ANALYSIS = YES;
				CLANG_WARN_STRICT_PROTOTYPES = YES;
				CLANG_WARN_SUSPICIOUS_MOVE = YES;
				CLANG_WARN_UNGUARDED_AVAILABILITY = YES_AGGRESSIVE;
				CLANG_WARN_UNREACHABLE_CODE = YES;
				CLANG_WARN__DUPLICATE_METHOD_MATCH = YES;
				COPY_PHASE_STRIP = NO;
				DEAD_CODE_STRIPPING = YES;
				DEBUG_INFORMATION_FORMAT = "dwarf-with-dsym";
				ENABLE_NS_ASSERTIONS = NO;
				ENABLE_STRICT_OBJC_MSGSEND = YES;
				GCC_C_LANGUAGE_STANDARD = gnu11;
				GCC_NO_COMMON_BLOCKS = YES;
				GCC_WARN_64_TO_32_BIT_CONVERSION = YES;
				GCC_WARN_ABOUT_RETURN_TYPE = YES_ERROR;
				GCC_WARN_UNDECLARED_SELECTOR = YES;
				GCC_WARN_UNINITIALIZED_AUTOS = YES_AGGRESSIVE;
				GCC_WARN_UNUSED_FUNCTION = YES;
				GCC_WARN_UNUSED_VARIABLE = YES;
				MACOSX_DEPLOYMENT_TARGET = 13.1;
				MTL_ENABLE_DEBUG_INFO = NO;
				MTL_FAST_MATH = YES;
				SDKROOT = macosx;
				SWIFT_COMPILATION_MODE = wholemodule;
				SWIFT_OPTIMIZATION_LEVEL = "-O";
			};
			name = Release;
		};
		875BEE95297ECBE700426A14 /* Debug */ = {
			isa = XCBuildConfiguration;
			buildSettings = {
				ASSETCATALOG_COMPILER_APPICON_NAME = AppIcon;
				ASSETCATALOG_COMPILER_GLOBAL_ACCENT_COLOR_NAME = AccentColor;
				CLANG_ENABLE_MODULES = YES;
				CODE_SIGN_ENTITLEMENTS = Schattenspiel/Schattenspiel.entitlements;
				CODE_SIGN_STYLE = Automatic;
				COMBINE_HIDPI_IMAGES = YES;
				CURRENT_PROJECT_VERSION = 1;
				DEAD_CODE_STRIPPING = YES;
				DEVELOPMENT_ASSET_PATHS = "\"Schattenspiel/Preview Content\"";
				DEVELOPMENT_TEAM = PEZAT5DWHN;
				ENABLE_HARDENED_RUNTIME = YES;
				ENABLE_PREVIEWS = YES;
				GCC_OPTIMIZATION_LEVEL = fast;
				GENERATE_INFOPLIST_FILE = YES;
				INFOPLIST_KEY_NSHumanReadableCopyright = "";
				LD_RUNPATH_SEARCH_PATHS = (
					"$(inherited)",
					"@executable_path/../Frameworks",
				);
				MARKETING_VERSION = 1.0;
				PRODUCT_BUNDLE_IDENTIFIER = de.eniestudio.Schattenspiel;
				PRODUCT_NAME = "$(TARGET_NAME)";
				SWIFT_EMIT_LOC_STRINGS = YES;
				SWIFT_OBJC_BRIDGING_HEADER = "Schattenspiel/Schattenspiel-Bridging-Header.h";
				SWIFT_OPTIMIZATION_LEVEL = "-Onone";
				SWIFT_VERSION = 5.0;
			};
			name = Debug;
		};
		875BEE96297ECBE700426A14 /* Release */ = {
			isa = XCBuildConfiguration;
			buildSettings = {
				ASSETCATALOG_COMPILER_APPICON_NAME = AppIcon;
				ASSETCATALOG_COMPILER_GLOBAL_ACCENT_COLOR_NAME = AccentColor;
				CLANG_ENABLE_MODULES = YES;
				CODE_SIGN_ENTITLEMENTS = Schattenspiel/Schattenspiel.entitlements;
				CODE_SIGN_STYLE = Automatic;
				COMBINE_HIDPI_IMAGES = YES;
				CURRENT_PROJECT_VERSION = 1;
				DEAD_CODE_STRIPPING = YES;
				DEVELOPMENT_ASSET_PATHS = "\"Schattenspiel/Preview Content\"";
				DEVELOPMENT_TEAM = PEZAT5DWHN;
				ENABLE_HARDENED_RUNTIME = YES;
				ENABLE_PREVIEWS = YES;
				GENERATE_INFOPLIST_FILE = YES;
				INFOPLIST_KEY_NSHumanReadableCopyright = "";
				LD_RUNPATH_SEARCH_PATHS = (
					"$(inherited)",
					"@executable_path/../Frameworks",
				);
				MARKETING_VERSION = 1.0;
				PRODUCT_BUNDLE_IDENTIFIER = de.eniestudio.Schattenspiel;
				PRODUCT_NAME = "$(TARGET_NAME)";
				SWIFT_EMIT_LOC_STRINGS = YES;
				SWIFT_OBJC_BRIDGING_HEADER = "Schattenspiel/Schattenspiel-Bridging-Header.h";
				SWIFT_VERSION = 5.0;
			};
			name = Release;
		};
		875BEE98297ECBE700426A14 /* Debug */ = {
			isa = XCBuildConfiguration;
			buildSettings = {
				ALWAYS_EMBED_SWIFT_STANDARD_LIBRARIES = YES;
				BUNDLE_LOADER = "$(TEST_HOST)";
				CODE_SIGN_STYLE = Automatic;
				CURRENT_PROJECT_VERSION = 1;
				DEAD_CODE_STRIPPING = YES;
				DEVELOPMENT_TEAM = PEZAT5DWHN;
				GENERATE_INFOPLIST_FILE = YES;
				MACOSX_DEPLOYMENT_TARGET = 13.1;
				MARKETING_VERSION = 1.0;
				PRODUCT_BUNDLE_IDENTIFIER = de.eniestudio.SchattenspielTests;
				PRODUCT_NAME = "$(TARGET_NAME)";
				SWIFT_EMIT_LOC_STRINGS = NO;
				SWIFT_VERSION = 5.0;
				TEST_HOST = "$(BUILT_PRODUCTS_DIR)/Schattenspiel.app/$(BUNDLE_EXECUTABLE_FOLDER_PATH)/Schattenspiel";
			};
			name = Debug;
		};
		875BEE99297ECBE700426A14 /* Release */ = {
			isa = XCBuildConfiguration;
			buildSettings = {
				ALWAYS_EMBED_SWIFT_STANDARD_LIBRARIES = YES;
				BUNDLE_LOADER = "$(TEST_HOST)";
				CODE_SIGN_STYLE = Automatic;
				CURRENT_PROJECT_VERSION = 1;
				DEAD_CODE_STRIPPING = YES;
				DEVELOPMENT_TEAM = PEZAT5DWHN;
				GENERATE_INFOPLIST_FILE = YES;
				MACOSX_DEPLOYMENT_TARGET = 13.1;
				MARKETING_VERSION = 1.0;
				PRODUCT_BUNDLE_IDENTIFIER = de.eniestudio.SchattenspielTests;
				PRODUCT_NAME = "$(TARGET_NAME)";
				SWIFT_EMIT_LOC_STRINGS = NO;
				SWIFT_VERSION = 5.0;
				TEST_HOST = "$(BUILT_PRODUCTS_DIR)/Schattenspiel.app/$(BUNDLE_EXECUTABLE_FOLDER_PATH)/Schattenspiel";
			};
			name = Release;
		};
		875BEE9B297ECBE700426A14 /* Debug */ = {
			isa = XCBuildConfiguration;
			buildSettings = {
				ALWAYS_EMBED_SWIFT_STANDARD_LIBRARIES = YES;
				CODE_SIGN_STYLE = Automatic;
				CURRENT_PROJECT_VERSION = 1;
				DEAD_CODE_STRIPPING = YES;
				DEVELOPMENT_TEAM = PEZAT5DWHN;
				GENERATE_INFOPLIST_FILE = YES;
				MARKETING_VERSION = 1.0;
				PRODUCT_BUNDLE_IDENTIFIER = de.eniestudio.SchattenspielUITests;
				PRODUCT_NAME = "$(TARGET_NAME)";
				SWIFT_EMIT_LOC_STRINGS = NO;
				SWIFT_VERSION = 5.0;
				TEST_TARGET_NAME = Schattenspiel;
			};
			name = Debug;
		};
		875BEE9C297ECBE700426A14 /* Release */ = {
			isa = XCBuildConfiguration;
			buildSettings = {
				ALWAYS_EMBED_SWIFT_STANDARD_LIBRARIES = YES;
				CODE_SIGN_STYLE = Automatic;
				CURRENT_PROJECT_VERSION = 1;
				DEAD_CODE_STRIPPING = YES;
				DEVELOPMENT_TEAM = PEZAT5DWHN;
				GENERATE_INFOPLIST_FILE = YES;
				MARKETING_VERSION = 1.0;
				PRODUCT_BUNDLE_IDENTIFIER = de.eniestudio.SchattenspielUITests;
				PRODUCT_NAME = "$(TARGET_NAME)";
				SWIFT_EMIT_LOC_STRINGS = NO;
				SWIFT_VERSION = 5.0;
				TEST_TARGET_NAME = Schattenspiel;
			};
			name = Release;
		};
/* End XCBuildConfiguration section */

/* Begin XCConfigurationList section */
		875BEE6A297ECBE500426A14 /* Build configuration list for PBXProject "Schattenspiel" */ = {
			isa = XCConfigurationList;
			buildConfigurations = (
				875BEE92297ECBE700426A14 /* Debug */,
				875BEE93297ECBE700426A14 /* Release */,
			);
			defaultConfigurationIsVisible = 0;
			defaultConfigurationName = Release;
		};
		875BEE94297ECBE700426A14 /* Build configuration list for PBXNativeTarget "Schattenspiel" */ = {
			isa = XCConfigurationList;
			buildConfigurations = (
				875BEE95297ECBE700426A14 /* Debug */,
				875BEE96297ECBE700426A14 /* Release */,
			);
			defaultConfigurationIsVisible = 0;
			defaultConfigurationName = Release;
		};
		875BEE97297ECBE700426A14 /* Build configuration list for PBXNativeTarget "SchattenspielTests" */ = {
			isa = XCConfigurationList;
			buildConfigurations = (
				875BEE98297ECBE700426A14 /* Debug */,
				875BEE99297ECBE700426A14 /* Release */,
			);
			defaultConfigurationIsVisible = 0;
			defaultConfigurationName = Release;
		};
		875BEE9A297ECBE700426A14 /* Build configuration list for PBXNativeTarget "SchattenspielUITests" */ = {
			isa = XCConfigurationList;
			buildConfigurations = (
				875BEE9B297ECBE700426A14 /* Debug */,
				875BEE9C297ECBE700426A14 /* Release */,
			);
			defaultConfigurationIsVisible = 0;
			defaultConfigurationName = Release;
		};
/* End XCConfigurationList section */

/* Begin XCRemoteSwiftPackageReference section */
		874B9B502981F0390074778D /* XCRemoteSwiftPackageReference "CodeEditor" */ = {
			isa = XCRemoteSwiftPackageReference;
			repositoryURL = "https://github.com/ZeeZide/CodeEditor.git";
			requirement = {
				kind = upToNextMajorVersion;
				minimumVersion = 1.0.0;
			};
		};
/* End XCRemoteSwiftPackageReference section */

/* Begin XCSwiftPackageProductDependency section */
		874B9B512981F0390074778D /* CodeEditor */ = {
			isa = XCSwiftPackageProductDependency;
			package = 874B9B502981F0390074778D /* XCRemoteSwiftPackageReference "CodeEditor" */;
			productName = CodeEditor;
		};
/* End XCSwiftPackageProductDependency section */
	};
	rootObject = 875BEE67297ECBE500426A14 /* Project object */;
}
