// !$*UTF8*$!
{
	archiveVersion = 1;
	classes = {
	};
	objectVersion = 56;
	objects = {

/* Begin PBXBuildFile section */
		875BEE73297ECBE500426A14 /* SchattenspielApp.swift in Sources */ = {isa = PBXBuildFile; fileRef = 875BEE72297ECBE500426A14 /* SchattenspielApp.swift */; };
		875BEE75297ECBE500426A14 /* ContentView.swift in Sources */ = {isa = PBXBuildFile; fileRef = 875BEE74297ECBE500426A14 /* ContentView.swift */; };
		875BEE77297ECBE600426A14 /* Assets.xcassets in Resources */ = {isa = PBXBuildFile; fileRef = 875BEE76297ECBE600426A14 /* Assets.xcassets */; };
		875BEE7A297ECBE600426A14 /* Preview Assets.xcassets in Resources */ = {isa = PBXBuildFile; fileRef = 875BEE79297ECBE600426A14 /* Preview Assets.xcassets */; };
		875BEE85297ECBE700426A14 /* SchattenspielTests.swift in Sources */ = {isa = PBXBuildFile; fileRef = 875BEE84297ECBE700426A14 /* SchattenspielTests.swift */; };
		875BEE8F297ECBE700426A14 /* SchattenspielUITests.swift in Sources */ = {isa = PBXBuildFile; fileRef = 875BEE8E297ECBE700426A14 /* SchattenspielUITests.swift */; };
		875BEE91297ECBE700426A14 /* SchattenspielUITestsLaunchTests.swift in Sources */ = {isa = PBXBuildFile; fileRef = 875BEE90297ECBE700426A14 /* SchattenspielUITestsLaunchTests.swift */; };
/* End PBXBuildFile section */

/* Begin PBXContainerItemProxy section */
		875BEE81297ECBE700426A14 /* PBXContainerItemProxy */ = {
			isa = PBXContainerItemProxy;
			containerPortal = 875BEE67297ECBE500426A14 /* Project object */;
			proxyType = 1;
			remoteGlobalIDString = 875BEE6E297ECBE500426A14;
			remoteInfo = Schattenspiel;
		};
		875BEE8B297ECBE700426A14 /* PBXContainerItemProxy */ = {
			isa = PBXContainerItemProxy;
			containerPortal = 875BEE67297ECBE500426A14 /* Project object */;
			proxyType = 1;
			remoteGlobalIDString = 875BEE6E297ECBE500426A14;
			remoteInfo = Schattenspiel;
		};
/* End PBXContainerItemProxy section */

/* Begin PBXFileReference section */
		875BEE6F297ECBE500426A14 /* Schattenspiel.app */ = {isa = PBXFileReference; explicitFileType = wrapper.application; includeInIndex = 0; path = Schattenspiel.app; sourceTree = BUILT_PRODUCTS_DIR; };
		875BEE72297ECBE500426A14 /* SchattenspielApp.swift */ = {isa = PBXFileReference; lastKnownFileType = sourcecode.swift; path = SchattenspielApp.swift; sourceTree = "<group>"; };
		875BEE74297ECBE500426A14 /* ContentView.swift */ = {isa = PBXFileReference; lastKnownFileType = sourcecode.swift; path = ContentView.swift; sourceTree = "<group>"; };
		875BEE76297ECBE600426A14 /* Assets.xcassets */ = {isa = PBXFileReference; lastKnownFileType = folder.assetcatalog; path = Assets.xcassets; sourceTree = "<group>"; };
		875BEE79297ECBE600426A14 /* Preview Assets.xcassets */ = {isa = PBXFileReference; lastKnownFileType = folder.assetcatalog; path = "Preview Assets.xcassets"; sourceTree = "<group>"; };
		875BEE7B297ECBE600426A14 /* Schattenspiel.entitlements */ = {isa = PBXFileReference; lastKnownFileType = text.plist.entitlements; path = Schattenspiel.entitlements; sourceTree = "<group>"; };
		875BEE80297ECBE700426A14 /* SchattenspielTests.xctest */ = {isa = PBXFileReference; explicitFileType = wrapper.cfbundle; includeInIndex = 0; path = SchattenspielTests.xctest; sourceTree = BUILT_PRODUCTS_DIR; };
		875BEE84297ECBE700426A14 /* SchattenspielTests.swift */ = {isa = PBXFileReference; lastKnownFileType = sourcecode.swift; path = SchattenspielTests.swift; sourceTree = "<group>"; };
		875BEE8A297ECBE700426A14 /* SchattenspielUITests.xctest */ = {isa = PBXFileReference; explicitFileType = wrapper.cfbundle; includeInIndex = 0; path = SchattenspielUITests.xctest; sourceTree = BUILT_PRODUCTS_DIR; };
		875BEE8E297ECBE700426A14 /* SchattenspielUITests.swift */ = {isa = PBXFileReference; lastKnownFileType = sourcecode.swift; path = SchattenspielUITests.swift; sourceTree = "<group>"; };
		875BEE90297ECBE700426A14 /* SchattenspielUITestsLaunchTests.swift */ = {isa = PBXFileReference; lastKnownFileType = sourcecode.swift; path = SchattenspielUITestsLaunchTests.swift; sourceTree = "<group>"; };
/* End PBXFileReference section */

/* Begin PBXFrameworksBuildPhase section */
		875BEE6C297ECBE500426A14 /* Frameworks */ = {
			isa = PBXFrameworksBuildPhase;
			buildActionMask = 2147483647;
			files = (
			);
			runOnlyForDeploymentPostprocessing = 0;
		};
		875BEE7D297ECBE700426A14 /* Frameworks */ = {
			isa = PBXFrameworksBuildPhase;
			buildActionMask = 2147483647;
			files = (
			);
			runOnlyForDeploymentPostprocessing = 0;
		};
		875BEE87297ECBE700426A14 /* Frameworks */ = {
			isa = PBXFrameworksBuildPhase;
			buildActionMask = 2147483647;
			files = (
			);
			runOnlyForDeploymentPostprocessing = 0;
		};
/* End PBXFrameworksBuildPhase section */

/* Begin PBXGroup section */
		875BEE66297ECBE500426A14 = {
			isa = PBXGroup;
			children = (
				875BEE71297ECBE500426A14 /* Schattenspiel */,
				875BEE83297ECBE700426A14 /* SchattenspielTests */,
				875BEE8D297ECBE700426A14 /* SchattenspielUITests */,
				875BEE70297ECBE500426A14 /* Products */,
			);
			sourceTree = "<group>";
		};
		875BEE70297ECBE500426A14 /* Products */ = {
			isa = PBXGroup;
			children = (
				875BEE6F297ECBE500426A14 /* Schattenspiel.app */,
				875BEE80297ECBE700426A14 /* SchattenspielTests.xctest */,
				875BEE8A297ECBE700426A14 /* SchattenspielUITests.xctest */,
			);
			name = Products;
			sourceTree = "<group>";
		};
		875BEE71297ECBE500426A14 /* Schattenspiel */ = {
			isa = PBXGroup;
			children = (
				875BEE72297ECBE500426A14 /* SchattenspielApp.swift */,
				875BEE74297ECBE500426A14 /* ContentView.swift */,
				875BEE76297ECBE600426A14 /* Assets.xcassets */,
				875BEE7B297ECBE600426A14 /* Schattenspiel.entitlements */,
				875BEE78297ECBE600426A14 /* Preview Content */,
			);
			path = Schattenspiel;
			sourceTree = "<group>";
		};
		875BEE78297ECBE600426A14 /* Preview Content */ = {
			isa = PBXGroup;
			children = (
				875BEE79297ECBE600426A14 /* Preview Assets.xcassets */,
			);
			path = "Preview Content";
			sourceTree = "<group>";
		};
		875BEE83297ECBE700426A14 /* SchattenspielTests */ = {
			isa = PBXGroup;
			children = (
				875BEE84297ECBE700426A14 /* SchattenspielTests.swift */,
			);
			path = SchattenspielTests;
			sourceTree = "<group>";
		};
		875BEE8D297ECBE700426A14 /* SchattenspielUITests */ = {
			isa = PBXGroup;
			children = (
				875BEE8E297ECBE700426A14 /* SchattenspielUITests.swift */,
				875BEE90297ECBE700426A14 /* SchattenspielUITestsLaunchTests.swift */,
			);
			path = SchattenspielUITests;
			sourceTree = "<group>";
		};
/* End PBXGroup section */

/* Begin PBXNativeTarget section */
		875BEE6E297ECBE500426A14 /* Schattenspiel */ = {
			isa = PBXNativeTarget;
			buildConfigurationList = 875BEE94297ECBE700426A14 /* Build configuration list for PBXNativeTarget "Schattenspiel" */;
			buildPhases = (
				875BEE6B297ECBE500426A14 /* Sources */,
				875BEE6C297ECBE500426A14 /* Frameworks */,
				875BEE6D297ECBE500426A14 /* Resources */,
			);
			buildRules = (
			);
			dependencies = (
			);
			name = Schattenspiel;
			productName = Schattenspiel;
			productReference = 875BEE6F297ECBE500426A14 /* Schattenspiel.app */;
			productType = "com.apple.product-type.application";
		};
		875BEE7F297ECBE700426A14 /* SchattenspielTests */ = {
			isa = PBXNativeTarget;
			buildConfigurationList = 875BEE97297ECBE700426A14 /* Build configuration list for PBXNativeTarget "SchattenspielTests" */;
			buildPhases = (
				875BEE7C297ECBE700426A14 /* Sources */,
				875BEE7D297ECBE700426A14 /* Frameworks */,
				875BEE7E297ECBE700426A14 /* Resources */,
			);
			buildRules = (
			);
			dependencies = (
				875BEE82297ECBE700426A14 /* PBXTargetDependency */,
			);
			name = SchattenspielTests;
			productName = SchattenspielTests;
			productReference = 875BEE80297ECBE700426A14 /* SchattenspielTests.xctest */;
			productType = "com.apple.product-type.bundle.unit-test";
		};
		875BEE89297ECBE700426A14 /* SchattenspielUITests */ = {
			isa = PBXNativeTarget;
			buildConfigurationList = 875BEE9A297ECBE700426A14 /* Build configuration list for PBXNativeTarget "SchattenspielUITests" */;
			buildPhases = (
				875BEE86297ECBE700426A14 /* Sources */,
				875BEE87297ECBE700426A14 /* Frameworks */,
				875BEE88297ECBE700426A14 /* Resources */,
			);
			buildRules = (
			);
			dependencies = (
				875BEE8C297ECBE700426A14 /* PBXTargetDependency */,
			);
			name = SchattenspielUITests;
			productName = SchattenspielUITests;
			productReference = 875BEE8A297ECBE700426A14 /* SchattenspielUITests.xctest */;
			productType = "com.apple.product-type.bundle.ui-testing";
		};
/* End PBXNativeTarget section */

/* Begin PBXProject section */
		875BEE67297ECBE500426A14 /* Project object */ = {
			isa = PBXProject;
			attributes = {
				BuildIndependentTargetsInParallel = 1;
				LastSwiftUpdateCheck = 1420;
				LastUpgradeCheck = 1420;
				TargetAttributes = {
					875BEE6E297ECBE500426A14 = {
						CreatedOnToolsVersion = 14.2;
					};
					875BEE7F297ECBE700426A14 = {
						CreatedOnToolsVersion = 14.2;
						TestTargetID = 875BEE6E297ECBE500426A14;
					};
					875BEE89297ECBE700426A14 = {
						CreatedOnToolsVersion = 14.2;
						TestTargetID = 875BEE6E297ECBE500426A14;
					};
				};
			};
			buildConfigurationList = 875BEE6A297ECBE500426A14 /* Build configuration list for PBXProject "Schattenspiel" */;
			compatibilityVersion = "Xcode 14.0";
			developmentRegion = en;
			hasScannedForEncodings = 0;
			knownRegions = (
				en,
				Base,
			);
			mainGroup = 875BEE66297ECBE500426A14;
			productRefGroup = 875BEE70297ECBE500426A14 /* Products */;
			projectDirPath = "";
			projectRoot = "";
			targets = (
				875BEE6E297ECBE500426A14 /* Schattenspiel */,
				875BEE7F297ECBE700426A14 /* SchattenspielTests */,
				875BEE89297ECBE700426A14 /* SchattenspielUITests */,
			);
		};
/* End PBXProject section */

/* Begin PBXResourcesBuildPhase section */
		875BEE6D297ECBE500426A14 /* Resources */ = {
			isa = PBXResourcesBuildPhase;
			buildActionMask = 2147483647;
			files = (
				875BEE7A297ECBE600426A14 /* Preview Assets.xcassets in Resources */,
				875BEE77297ECBE600426A14 /* Assets.xcassets in Resources */,
			);
			runOnlyForDeploymentPostprocessing = 0;
		};
		875BEE7E297ECBE700426A14 /* Resources */ = {
			isa = PBXResourcesBuildPhase;
			buildActionMask = 2147483647;
			files = (
			);
			runOnlyForDeploymentPostprocessing = 0;
		};
		875BEE88297ECBE700426A14 /* Resources */ = {
			isa = PBXResourcesBuildPhase;
			buildActionMask = 2147483647;
			files = (
			);
			runOnlyForDeploymentPostprocessing = 0;
		};
/* End PBXResourcesBuildPhase section */

/* Begin PBXSourcesBuildPhase section */
		875BEE6B297ECBE500426A14 /* Sources */ = {
			isa = PBXSourcesBuildPhase;
			buildActionMask = 2147483647;
			files = (
				875BEE75297ECBE500426A14 /* ContentView.swift in Sources */,
				875BEE73297ECBE500426A14 /* SchattenspielApp.swift in Sources */,
			);
			runOnlyForDeploymentPostprocessing = 0;
		};
		875BEE7C297ECBE700426A14 /* Sources */ = {
			isa = PBXSourcesBuildPhase;
			buildActionMask = 2147483647;
			files = (
				875BEE85297ECBE700426A14 /* SchattenspielTests.swift in Sources */,
			);
			runOnlyForDeploymentPostprocessing = 0;
		};
		875BEE86297ECBE700426A14 /* Sources */ = {
			isa = PBXSourcesBuildPhase;
			buildActionMask = 2147483647;
			files = (
				875BEE91297ECBE700426A14 /* SchattenspielUITestsLaunchTests.swift in Sources */,
				875BEE8F297ECBE700426A14 /* SchattenspielUITests.swift in Sources */,
			);
			runOnlyForDeploymentPostprocessing = 0;
		};
/* End PBXSourcesBuildPhase section */

/* Begin PBXTargetDependency section */
		875BEE82297ECBE700426A14 /* PBXTargetDependency */ = {
			isa = PBXTargetDependency;
			target = 875BEE6E297ECBE500426A14 /* Schattenspiel */;
			targetProxy = 875BEE81297ECBE700426A14 /* PBXContainerItemProxy */;
		};
		875BEE8C297ECBE700426A14 /* PBXTargetDependency */ = {
			isa = PBXTargetDependency;
			target = 875BEE6E297ECBE500426A14 /* Schattenspiel */;
			targetProxy = 875BEE8B297ECBE700426A14 /* PBXContainerItemProxy */;
		};
/* End PBXTargetDependency section */

/* Begin XCBuildConfiguration section */
		875BEE92297ECBE700426A14 /* Debug */ = {
			isa = XCBuildConfiguration;
			buildSettings = {
				ALWAYS_SEARCH_USER_PATHS = NO;
				CLANG_ANALYZER_NONNULL = YES;
				CLANG_ANALYZER_NUMBER_OBJECT_CONVERSION = YES_AGGRESSIVE;
				CLANG_CXX_LANGUAGE_STANDARD = "gnu++20";
				CLANG_ENABLE_MODULES = YES;
				CLANG_ENABLE_OBJC_ARC = YES;
				CLANG_ENABLE_OBJC_WEAK = YES;
				CLANG_WARN_BLOCK_CAPTURE_AUTORELEASING = YES;
				CLANG_WARN_BOOL_CONVERSION = YES;
				CLANG_WARN_COMMA = YES;
				CLANG_WARN_CONSTANT_CONVERSION = YES;
				CLANG_WARN_DEPRECATED_OBJC_IMPLEMENTATIONS = YES;
				CLANG_WARN_DIRECT_OBJC_ISA_USAGE = YES_ERROR;
				CLANG_WARN_DOCUMENTATION_COMMENTS = YES;
				CLANG_WARN_EMPTY_BODY = YES;
				CLANG_WARN_ENUM_CONVERSION = YES;
				CLANG_WARN_INFINITE_RECURSION = YES;
				CLANG_WARN_INT_CONVERSION = YES;
				CLANG_WARN_NON_LITERAL_NULL_CONVERSION = YES;
				CLANG_WARN_OBJC_IMPLICIT_RETAIN_SELF = YES;
				CLANG_WARN_OBJC_LITERAL_CONVERSION = YES;
				CLANG_WARN_OBJC_ROOT_CLASS = YES_ERROR;
				CLANG_WARN_QUOTED_INCLUDE_IN_FRAMEWORK_HEADER = YES;
				CLANG_WARN_RANGE_LOOP_ANALYSIS = YES;
				CLANG_WARN_STRICT_PROTOTYPES = YES;
				CLANG_WARN_SUSPICIOUS_MOVE = YES;
				CLANG_WARN_UNGUARDED_AVAILABILITY = YES_AGGRESSIVE;
				CLANG_WARN_UNREACHABLE_CODE = YES;
				CLANG_WARN__DUPLICATE_METHOD_MATCH = YES;
				COPY_PHASE_STRIP = NO;
				DEBUG_INFORMATION_FORMAT = dwarf;
				ENABLE_STRICT_OBJC_MSGSEND = YES;
				ENABLE_TESTABILITY = YES;
				GCC_C_LANGUAGE_STANDARD = gnu11;
				GCC_DYNAMIC_NO_PIC = NO;
				GCC_NO_COMMON_BLOCKS = YES;
				GCC_OPTIMIZATION_LEVEL = 0;
				GCC_PREPROCESSOR_DEFINITIONS = (
					"DEBUG=1",
					"$(inherited)",
				);
				GCC_WARN_64_TO_32_BIT_CONVERSION = YES;
				GCC_WARN_ABOUT_RETURN_TYPE = YES_ERROR;
				GCC_WARN_UNDECLARED_SELECTOR = YES;
				GCC_WARN_UNINITIALIZED_AUTOS = YES_AGGRESSIVE;
				GCC_WARN_UNUSED_FUNCTION = YES;
				GCC_WARN_UNUSED_VARIABLE = YES;
				MACOSX_DEPLOYMENT_TARGET = 13.1;
				MTL_ENABLE_DEBUG_INFO = INCLUDE_SOURCE;
				MTL_FAST_MATH = YES;
				ONLY_ACTIVE_ARCH = YES;
				SDKROOT = macosx;
				SWIFT_ACTIVE_COMPILATION_CONDITIONS = DEBUG;
				SWIFT_OPTIMIZATION_LEVEL = "-Onone";
			};
			name = Debug;
		};
		875BEE93297ECBE700426A14 /* Release */ = {
			isa = XCBuildConfiguration;
			buildSettings = {
				ALWAYS_SEARCH_USER_PATHS = NO;
				CLANG_ANALYZER_NONNULL = YES;
				CLANG_ANALYZER_NUMBER_OBJECT_CONVERSION = YES_AGGRESSIVE;
				CLANG_CXX_LANGUAGE_STANDARD = "gnu++20";
				CLANG_ENABLE_MODULES = YES;
				CLANG_ENABLE_OBJC_ARC = YES;
				CLANG_ENABLE_OBJC_WEAK = YES;
				CLANG_WARN_BLOCK_CAPTURE_AUTORELEASING = YES;
				CLANG_WARN_BOOL_CONVERSION = YES;
				CLANG_WARN_COMMA = YES;
				CLANG_WARN_CONSTANT_CONVERSION = YES;
				CLANG_WARN_DEPRECATED_OBJC_IMPLEMENTATIONS = YES;
				CLANG_WARN_DIRECT_OBJC_ISA_USAGE = YES_ERROR;
				CLANG_WARN_DOCUMENTATION_COMMENTS = YES;
				CLANG_WARN_EMPTY_BODY = YES;
				CLANG_WARN_ENUM_CONVERSION = YES;
				CLANG_WARN_INFINITE_RECURSION = YES;
				CLANG_WARN_INT_CONVERSION = YES;
				CLANG_WARN_NON_LITERAL_NULL_CONVERSION = YES;
				CLANG_WARN_OBJC_IMPLICIT_RETAIN_SELF = YES;
				CLANG_WARN_OBJC_LITERAL_CONVERSION = YES;
				CLANG_WARN_OBJC_ROOT_CLASS = YES_ERROR;
				CLANG_WARN_QUOTED_INCLUDE_IN_FRAMEWORK_HEADER = YES;
				CLANG_WARN_RANGE_LOOP_ANALYSIS = YES;
				CLANG_WARN_STRICT_PROTOTYPES = YES;
				CLANG_WARN_SUSPICIOUS_MOVE = YES;
				CLANG_WARN_UNGUARDED_AVAILABILITY = YES_AGGRESSIVE;
				CLANG_WARN_UNREACHABLE_CODE = YES;
				CLANG_WARN__DUPLICATE_METHOD_MATCH = YES;
				COPY_PHASE_STRIP = NO;
				DEBUG_INFORMATION_FORMAT = "dwarf-with-dsym";
				ENABLE_NS_ASSERTIONS = NO;
				ENABLE_STRICT_OBJC_MSGSEND = YES;
				GCC_C_LANGUAGE_STANDARD = gnu11;
				GCC_NO_COMMON_BLOCKS = YES;
				GCC_WARN_64_TO_32_BIT_CONVERSION = YES;
				GCC_WARN_ABOUT_RETURN_TYPE = YES_ERROR;
				GCC_WARN_UNDECLARED_SELECTOR = YES;
				GCC_WARN_UNINITIALIZED_AUTOS = YES_AGGRESSIVE;
				GCC_WARN_UNUSED_FUNCTION = YES;
				GCC_WARN_UNUSED_VARIABLE = YES;
				MACOSX_DEPLOYMENT_TARGET = 13.1;
				MTL_ENABLE_DEBUG_INFO = NO;
				MTL_FAST_MATH = YES;
				SDKROOT = macosx;
				SWIFT_COMPILATION_MODE = wholemodule;
				SWIFT_OPTIMIZATION_LEVEL = "-O";
			};
			name = Release;
		};
		875BEE95297ECBE700426A14 /* Debug */ = {
			isa = XCBuildConfiguration;
			buildSettings = {
				ASSETCATALOG_COMPILER_APPICON_NAME = AppIcon;
				ASSETCATALOG_COMPILER_GLOBAL_ACCENT_COLOR_NAME = AccentColor;
				CODE_SIGN_ENTITLEMENTS = Schattenspiel/Schattenspiel.entitlements;
				CODE_SIGN_STYLE = Automatic;
				COMBINE_HIDPI_IMAGES = YES;
				CURRENT_PROJECT_VERSION = 1;
				DEVELOPMENT_ASSET_PATHS = "\"Schattenspiel/Preview Content\"";
				DEVELOPMENT_TEAM = PEZAT5DWHN;
				ENABLE_HARDENED_RUNTIME = YES;
				ENABLE_PREVIEWS = YES;
				GENERATE_INFOPLIST_FILE = YES;
				INFOPLIST_KEY_NSHumanReadableCopyright = "";
				LD_RUNPATH_SEARCH_PATHS = (
					"$(inherited)",
					"@executable_path/../Frameworks",
				);
				MARKETING_VERSION = 1.0;
				PRODUCT_BUNDLE_IDENTIFIER = de.eniestudio.Schattenspiel;
				PRODUCT_NAME = "$(TARGET_NAME)";
				SWIFT_EMIT_LOC_STRINGS = YES;
				SWIFT_VERSION = 5.0;
			};
			name = Debug;
		};
		875BEE96297ECBE700426A14 /* Release */ = {
			isa = XCBuildConfiguration;
			buildSettings = {
				ASSETCATALOG_COMPILER_APPICON_NAME = AppIcon;
				ASSETCATALOG_COMPILER_GLOBAL_ACCENT_COLOR_NAME = AccentColor;
				CODE_SIGN_ENTITLEMENTS = Schattenspiel/Schattenspiel.entitlements;
				CODE_SIGN_STYLE = Automatic;
				COMBINE_HIDPI_IMAGES = YES;
				CURRENT_PROJECT_VERSION = 1;
				DEVELOPMENT_ASSET_PATHS = "\"Schattenspiel/Preview Content\"";
				DEVELOPMENT_TEAM = PEZAT5DWHN;
				ENABLE_HARDENED_RUNTIME = YES;
				ENABLE_PREVIEWS = YES;
				GENERATE_INFOPLIST_FILE = YES;
				INFOPLIST_KEY_NSHumanReadableCopyright = "";
				LD_RUNPATH_SEARCH_PATHS = (
					"$(inherited)",
					"@executable_path/../Frameworks",
				);
				MARKETING_VERSION = 1.0;
				PRODUCT_BUNDLE_IDENTIFIER = de.eniestudio.Schattenspiel;
				PRODUCT_NAME = "$(TARGET_NAME)";
				SWIFT_EMIT_LOC_STRINGS = YES;
				SWIFT_VERSION = 5.0;
			};
			name = Release;
		};
		875BEE98297ECBE700426A14 /* Debug */ = {
			isa = XCBuildConfiguration;
			buildSettings = {
				ALWAYS_EMBED_SWIFT_STANDARD_LIBRARIES = YES;
				BUNDLE_LOADER = "$(TEST_HOST)";
				CODE_SIGN_STYLE = Automatic;
				CURRENT_PROJECT_VERSION = 1;
				DEVELOPMENT_TEAM = PEZAT5DWHN;
				GENERATE_INFOPLIST_FILE = YES;
				MACOSX_DEPLOYMENT_TARGET = 13.1;
				MARKETING_VERSION = 1.0;
				PRODUCT_BUNDLE_IDENTIFIER = de.eniestudio.SchattenspielTests;
				PRODUCT_NAME = "$(TARGET_NAME)";
				SWIFT_EMIT_LOC_STRINGS = NO;
				SWIFT_VERSION = 5.0;
				TEST_HOST = "$(BUILT_PRODUCTS_DIR)/Schattenspiel.app/$(BUNDLE_EXECUTABLE_FOLDER_PATH)/Schattenspiel";
			};
			name = Debug;
		};
		875BEE99297ECBE700426A14 /* Release */ = {
			isa = XCBuildConfiguration;
			buildSettings = {
				ALWAYS_EMBED_SWIFT_STANDARD_LIBRARIES = YES;
				BUNDLE_LOADER = "$(TEST_HOST)";
				CODE_SIGN_STYLE = Automatic;
				CURRENT_PROJECT_VERSION = 1;
				DEVELOPMENT_TEAM = PEZAT5DWHN;
				GENERATE_INFOPLIST_FILE = YES;
				MACOSX_DEPLOYMENT_TARGET = 13.1;
				MARKETING_VERSION = 1.0;
				PRODUCT_BUNDLE_IDENTIFIER = de.eniestudio.SchattenspielTests;
				PRODUCT_NAME = "$(TARGET_NAME)";
				SWIFT_EMIT_LOC_STRINGS = NO;
				SWIFT_VERSION = 5.0;
				TEST_HOST = "$(BUILT_PRODUCTS_DIR)/Schattenspiel.app/$(BUNDLE_EXECUTABLE_FOLDER_PATH)/Schattenspiel";
			};
			name = Release;
		};
		875BEE9B297ECBE700426A14 /* Debug */ = {
			isa = XCBuildConfiguration;
			buildSettings = {
				ALWAYS_EMBED_SWIFT_STANDARD_LIBRARIES = YES;
				CODE_SIGN_STYLE = Automatic;
				CURRENT_PROJECT_VERSION = 1;
				DEVELOPMENT_TEAM = PEZAT5DWHN;
				GENERATE_INFOPLIST_FILE = YES;
				MARKETING_VERSION = 1.0;
				PRODUCT_BUNDLE_IDENTIFIER = de.eniestudio.SchattenspielUITests;
				PRODUCT_NAME = "$(TARGET_NAME)";
				SWIFT_EMIT_LOC_STRINGS = NO;
				SWIFT_VERSION = 5.0;
				TEST_TARGET_NAME = Schattenspiel;
			};
			name = Debug;
		};
		875BEE9C297ECBE700426A14 /* Release */ = {
			isa = XCBuildConfiguration;
			buildSettings = {
				ALWAYS_EMBED_SWIFT_STANDARD_LIBRARIES = YES;
				CODE_SIGN_STYLE = Automatic;
				CURRENT_PROJECT_VERSION = 1;
				DEVELOPMENT_TEAM = PEZAT5DWHN;
				GENERATE_INFOPLIST_FILE = YES;
				MARKETING_VERSION = 1.0;
				PRODUCT_BUNDLE_IDENTIFIER = de.eniestudio.SchattenspielUITests;
				PRODUCT_NAME = "$(TARGET_NAME)";
				SWIFT_EMIT_LOC_STRINGS = NO;
				SWIFT_VERSION = 5.0;
				TEST_TARGET_NAME = Schattenspiel;
			};
			name = Release;
		};
/* End XCBuildConfiguration section */

/* Begin XCConfigurationList section */
		875BEE6A297ECBE500426A14 /* Build configuration list for PBXProject "Schattenspiel" */ = {
			isa = XCConfigurationList;
			buildConfigurations = (
				875BEE92297ECBE700426A14 /* Debug */,
				875BEE93297ECBE700426A14 /* Release */,
			);
			defaultConfigurationIsVisible = 0;
			defaultConfigurationName = Release;
		};
		875BEE94297ECBE700426A14 /* Build configuration list for PBXNativeTarget "Schattenspiel" */ = {
			isa = XCConfigurationList;
			buildConfigurations = (
				875BEE95297ECBE700426A14 /* Debug */,
				875BEE96297ECBE700426A14 /* Release */,
			);
			defaultConfigurationIsVisible = 0;
			defaultConfigurationName = Release;
		};
		875BEE97297ECBE700426A14 /* Build configuration list for PBXNativeTarget "SchattenspielTests" */ = {
			isa = XCConfigurationList;
			buildConfigurations = (
				875BEE98297ECBE700426A14 /* Debug */,
				875BEE99297ECBE700426A14 /* Release */,
			);
			defaultConfigurationIsVisible = 0;
			defaultConfigurationName = Release;
		};
		875BEE9A297ECBE700426A14 /* Build configuration list for PBXNativeTarget "SchattenspielUITests" */ = {
			isa = XCConfigurationList;
			buildConfigurations = (
				875BEE9B297ECBE700426A14 /* Debug */,
				875BEE9C297ECBE700426A14 /* Release */,
			);
			defaultConfigurationIsVisible = 0;
			defaultConfigurationName = Release;
		};
/* End XCConfigurationList section */
	};
	rootObject = 875BEE67297ECBE500426A14 /* Project object */;
}
